<Solution>
  <Folder Name="/Database/">
    <File Path="Schema.sql" />
    <File Path="SeedData.sql" />
  </Folder>
  <Folder Name="/Database/StoredProcedures/">
    <File Path="usp_RunPayroll.sql" />
  </Folder>
  <Folder Name="/Solution Items/">
    <File Path=".gitignore" />
    <File Path="README.md" />
  </Folder>
  <Project Path="Payroll.API/Payroll.API.csproj" />
  <Project Path="Payroll.Application/Payroll.Application.csproj" />
  <Project Path="Payroll.Domain/Payroll.Domain.csproj" />
  <Project Path="Payroll.Infrastructure/Payroll.Infrastructure.csproj" />
  <Project Path="Payroll.Tests/Payroll.Tests.csproj" Id="a4c97d62-edcf-476d-9eb5-34e6fcc93ed9" />
</Solution>
